
Microsoft Visual Studio Solution File, Format Version 12.00
# Visual Studio Version 16
VisualStudioVersion = 16.0.28803.156
MinimumVisualStudioVersion = 10.0.40219.1
Project("{9A19103F-16F7-4668-BE54-9A1E7A4F7556}") = "LiteCart", "LiteCart\LiteCart.csproj", "{55B00857-BE0A-4D9B-8A24-47DA49AE7EC5}"
EndProject
Global
	GlobalSection(SolutionConfigurationPlatforms) = preSolution
		Debug|Any CPU = Debug|Any CPU
		Release|Any CPU = Release|Any CPU
	EndGlobalSection
	GlobalSection(ProjectConfigurationPlatforms) = postSolution
		{55B00857-BE0A-4D9B-8A24-47DA49AE7EC5}.Debug|Any CPU.ActiveCfg = Debug|Any CPU
		{55B00857-BE0A-4D9B-8A24-47DA49AE7EC5}.Debug|Any CPU.Build.0 = Debug|Any CPU
		{55B00857-BE0A-4D9B-8A24-47DA49AE7EC5}.Release|Any CPU.ActiveCfg = Release|Any CPU
		{55B00857-BE0A-4D9B-8A24-47DA49AE7EC5}.Release|Any CPU.Build.0 = Release|Any CPU
	EndGlobalSection
	GlobalSection(SolutionProperties) = preSolution
		HideSolutionNode = FALSE
	EndGlobalSection
	GlobalSection(ExtensibilityGlobals) = postSolution
		SolutionGuid = {EDCA0DD4-E159-4C4E-AB12-6C02D2EAB5E6}
	EndGlobalSection
EndGlobal
