
Microsoft Visual Studio Solution File, Format Version 12.00
# Visual Studio Version 16
VisualStudioVersion = 16.0.28803.156
MinimumVisualStudioVersion = 10.0.40219.1
Project("{FAE04EC0-301F-11D3-BF4B-00C04F79EFBC}") = "Selenium", "Selenium\Selenium.csproj", "{572D504A-E4AB-40EA-970E-A60B330F5C93}"
EndProject
Global
	GlobalSection(SolutionConfigurationPlatforms) = preSolution
		Debug|Any CPU = Debug|Any CPU
		Release|Any CPU = Release|Any CPU
	EndGlobalSection
	GlobalSection(ProjectConfigurationPlatforms) = postSolution
		{572D504A-E4AB-40EA-970E-A60B330F5C93}.Debug|Any CPU.ActiveCfg = Debug|Any CPU
		{572D504A-E4AB-40EA-970E-A60B330F5C93}.Debug|Any CPU.Build.0 = Debug|Any CPU
		{572D504A-E4AB-40EA-970E-A60B330F5C93}.Release|Any CPU.ActiveCfg = Release|Any CPU
		{572D504A-E4AB-40EA-970E-A60B330F5C93}.Release|Any CPU.Build.0 = Release|Any CPU
	EndGlobalSection
	GlobalSection(SolutionProperties) = preSolution
		HideSolutionNode = FALSE
	EndGlobalSection
	GlobalSection(ExtensibilityGlobals) = postSolution
		SolutionGuid = {EDCA0DD4-E159-4C4E-AB12-6C02D2EAB5E6}
	EndGlobalSection
EndGlobal
